// !$*UTF8*$!
{
	archiveVersion = 1;
	classes = {
	};
	objectVersion = 77;
	objects = {

/* Begin PBXBuildFile section */
		506C77CD2D6EA22F009E7DC1 /* PopupUIType.swift in Sources */ = {isa = PBXBuildFile; fileRef = 506C77CC2D6EA22A009E7DC1 /* PopupUIType.swift */; };
		506C77D32D6EAE15009E7DC1 /* SecondViewController.swift in Sources */ = {isa = PBXBuildFile; fileRef = 506C77D22D6EAE15009E7DC1 /* SecondViewController.swift */; };
		506C77D72D6EB102009E7DC1 /* PopupActionType.swift in Sources */ = {isa = PBXBuildFile; fileRef = 506C77D62D6EB0FB009E7DC1 /* PopupActionType.swift */; };
		5075386D2D6E8BF900D5C49E /* Popup.storyboard in Resources */ = {isa = PBXBuildFile; fileRef = 507538662D6E8BF900D5C49E /* Popup.storyboard */; };
		5075386E2D6E8BF900D5C49E /* PopupManager.swift in Sources */ = {isa = PBXBuildFile; fileRef = 5075386A2D6E8BF900D5C49E /* PopupManager.swift */; };
		507538702D6E8BF900D5C49E /* PopupViewController.swift in Sources */ = {isa = PBXBuildFile; fileRef = 507538682D6E8BF900D5C49E /* PopupViewController.swift */; };
		507538722D6E8BF900D5C49E /* PopupPresentationController.swift in Sources */ = {isa = PBXBuildFile; fileRef = 5075386B2D6E8BF900D5C49E /* PopupPresentationController.swift */; };
		5075387D2D6E8C0200D5C49E /* Assets.xcassets in Resources */ = {isa = PBXBuildFile; fileRef = 507538742D6E8C0200D5C49E /* Assets.xcassets */; };
		5075387F2D6E8C0200D5C49E /* LaunchScreen.storyboard in Resources */ = {isa = PBXBuildFile; fileRef = 507538772D6E8C0200D5C49E /* LaunchScreen.storyboard */; };
		507538802D6E8C0200D5C49E /* Main.storyboard in Resources */ = {isa = PBXBuildFile; fileRef = 507538792D6E8C0200D5C49E /* Main.storyboard */; };
		507538812D6E8C0200D5C49E /* AppDelegate.swift in Sources */ = {isa = PBXBuildFile; fileRef = 507538732D6E8C0200D5C49E /* AppDelegate.swift */; };
		507538822D6E8C0200D5C49E /* SceneDelegate.swift in Sources */ = {isa = PBXBuildFile; fileRef = 5075387A2D6E8C0200D5C49E /* SceneDelegate.swift */; };
		507538832D6E8C0200D5C49E /* ViewController.swift in Sources */ = {isa = PBXBuildFile; fileRef = 5075387B2D6E8C0200D5C49E /* ViewController.swift */; };
/* End PBXBuildFile section */

/* Begin PBXFileReference section */
		506C77CC2D6EA22A009E7DC1 /* PopupUIType.swift */ = {isa = PBXFileReference; lastKnownFileType = sourcecode.swift; path = PopupUIType.swift; sourceTree = "<group>"; };
		506C77D22D6EAE15009E7DC1 /* SecondViewController.swift */ = {isa = PBXFileReference; lastKnownFileType = sourcecode.swift; path = SecondViewController.swift; sourceTree = "<group>"; };
		506C77D62D6EB0FB009E7DC1 /* PopupActionType.swift */ = {isa = PBXFileReference; lastKnownFileType = sourcecode.swift; path = PopupActionType.swift; sourceTree = "<group>"; };
		5075384E2D6E8AB200D5C49E /* UIKitPopup.app */ = {isa = PBXFileReference; explicitFileType = wrapper.application; includeInIndex = 0; path = UIKitPopup.app; sourceTree = BUILT_PRODUCTS_DIR; };
		507538662D6E8BF900D5C49E /* Popup.storyboard */ = {isa = PBXFileReference; lastKnownFileType = file.storyboard; path = Popup.storyboard; sourceTree = "<group>"; };
		507538682D6E8BF900D5C49E /* PopupViewController.swift */ = {isa = PBXFileReference; lastKnownFileType = sourcecode.swift; path = PopupViewController.swift; sourceTree = "<group>"; };
		5075386A2D6E8BF900D5C49E /* PopupManager.swift */ = {isa = PBXFileReference; lastKnownFileType = sourcecode.swift; path = PopupManager.swift; sourceTree = "<group>"; };
		5075386B2D6E8BF900D5C49E /* PopupPresentationController.swift */ = {isa = PBXFileReference; lastKnownFileType = sourcecode.swift; path = PopupPresentationController.swift; sourceTree = "<group>"; };
		507538732D6E8C0200D5C49E /* AppDelegate.swift */ = {isa = PBXFileReference; lastKnownFileType = sourcecode.swift; path = AppDelegate.swift; sourceTree = "<group>"; };
		507538742D6E8C0200D5C49E /* Assets.xcassets */ = {isa = PBXFileReference; lastKnownFileType = folder.assetcatalog; path = Assets.xcassets; sourceTree = "<group>"; };
		507538752D6E8C0200D5C49E /* Info.plist */ = {isa = PBXFileReference; lastKnownFileType = text.plist.xml; path = Info.plist; sourceTree = "<group>"; };
		507538762D6E8C0200D5C49E /* Base */ = {isa = PBXFileReference; lastKnownFileType = file.storyboard; name = Base; path = Base.lproj/LaunchScreen.storyboard; sourceTree = "<group>"; };
		507538782D6E8C0200D5C49E /* Base */ = {isa = PBXFileReference; lastKnownFileType = file.storyboard; name = Base; path = Base.lproj/Main.storyboard; sourceTree = "<group>"; };
		5075387A2D6E8C0200D5C49E /* SceneDelegate.swift */ = {isa = PBXFileReference; lastKnownFileType = sourcecode.swift; path = SceneDelegate.swift; sourceTree = "<group>"; };
		5075387B2D6E8C0200D5C49E /* ViewController.swift */ = {isa = PBXFileReference; lastKnownFileType = sourcecode.swift; path = ViewController.swift; sourceTree = "<group>"; };
/* End PBXFileReference section */

/* Begin PBXFrameworksBuildPhase section */
		5075384B2D6E8AB200D5C49E /* Frameworks */ = {
			isa = PBXFrameworksBuildPhase;
			buildActionMask = 2147483647;
			files = (
			);
			runOnlyForDeploymentPostprocessing = 0;
		};
/* End PBXFrameworksBuildPhase section */

/* Begin PBXGroup section */
		507538452D6E8AB200D5C49E = {
			isa = PBXGroup;
			children = (
				5075387C2D6E8C0200D5C49E /* UIKitPopup */,
				5075384F2D6E8AB200D5C49E /* Products */,
			);
			sourceTree = "<group>";
		};
		5075384F2D6E8AB200D5C49E /* Products */ = {
			isa = PBXGroup;
			children = (
				5075384E2D6E8AB200D5C49E /* UIKitPopup.app */,
			);
			name = Products;
			sourceTree = "<group>";
		};
		5075386C2D6E8BF900D5C49E /* Popup */ = {
			isa = PBXGroup;
			children = (
				507538662D6E8BF900D5C49E /* Popup.storyboard */,
				506C77CC2D6EA22A009E7DC1 /* PopupUIType.swift */,
				506C77D62D6EB0FB009E7DC1 /* PopupActionType.swift */,
				507538682D6E8BF900D5C49E /* PopupViewController.swift */,
				5075386A2D6E8BF900D5C49E /* PopupManager.swift */,
				5075386B2D6E8BF900D5C49E /* PopupPresentationController.swift */,
			);
			path = Popup;
			sourceTree = "<group>";
		};
		5075387C2D6E8C0200D5C49E /* UIKitPopup */ = {
			isa = PBXGroup;
			children = (
				5075387A2D6E8C0200D5C49E /* SceneDelegate.swift */,
				507538732D6E8C0200D5C49E /* AppDelegate.swift */,
				507538742D6E8C0200D5C49E /* Assets.xcassets */,
				507538752D6E8C0200D5C49E /* Info.plist */,
				507538772D6E8C0200D5C49E /* LaunchScreen.storyboard */,
				507538792D6E8C0200D5C49E /* Main.storyboard */,
				5075387B2D6E8C0200D5C49E /* ViewController.swift */,
				506C77D22D6EAE15009E7DC1 /* SecondViewController.swift */,
				5075386C2D6E8BF900D5C49E /* Popup */,
			);
			path = UIKitPopup;
			sourceTree = "<group>";
		};
/* End PBXGroup section */

/* Begin PBXNativeTarget section */
		5075384D2D6E8AB200D5C49E /* UIKitPopup */ = {
			isa = PBXNativeTarget;
			buildConfigurationList = 507538612D6E8AB300D5C49E /* Build configuration list for PBXNativeTarget "UIKitPopup" */;
			buildPhases = (
				5075384A2D6E8AB200D5C49E /* Sources */,
				5075384B2D6E8AB200D5C49E /* Frameworks */,
				5075384C2D6E8AB200D5C49E /* Resources */,
			);
			buildRules = (
			);
			dependencies = (
			);
			name = UIKitPopup;
			packageProductDependencies = (
			);
			productName = UikitPopup;
			productReference = 5075384E2D6E8AB200D5C49E /* UIKitPopup.app */;
			productType = "com.apple.product-type.application";
		};
/* End PBXNativeTarget section */

/* Begin PBXProject section */
		507538462D6E8AB200D5C49E /* Project object */ = {
			isa = PBXProject;
			attributes = {
				BuildIndependentTargetsInParallel = 1;
				LastSwiftUpdateCheck = 1620;
				LastUpgradeCheck = 1620;
				TargetAttributes = {
					5075384D2D6E8AB200D5C49E = {
						CreatedOnToolsVersion = 16.2;
					};
				};
			};
			buildConfigurationList = 507538492D6E8AB200D5C49E /* Build configuration list for PBXProject "UIKitPopup" */;
			developmentRegion = en;
			hasScannedForEncodings = 0;
			knownRegions = (
				en,
				Base,
			);
			mainGroup = 507538452D6E8AB200D5C49E;
			minimizedProjectReferenceProxies = 1;
			preferredProjectObjectVersion = 77;
			productRefGroup = 5075384F2D6E8AB200D5C49E /* Products */;
			projectDirPath = "";
			projectRoot = "";
			targets = (
				5075384D2D6E8AB200D5C49E /* UIKitPopup */,
			);
		};
/* End PBXProject section */

/* Begin PBXResourcesBuildPhase section */
		5075384C2D6E8AB200D5C49E /* Resources */ = {
			isa = PBXResourcesBuildPhase;
			buildActionMask = 2147483647;
			files = (
				5075387D2D6E8C0200D5C49E /* Assets.xcassets in Resources */,
				5075387F2D6E8C0200D5C49E /* LaunchScreen.storyboard in Resources */,
				507538802D6E8C0200D5C49E /* Main.storyboard in Resources */,
				5075386D2D6E8BF900D5C49E /* Popup.storyboard in Resources */,
			);
			runOnlyForDeploymentPostprocessing = 0;
		};
/* End PBXResourcesBuildPhase section */

/* Begin PBXSourcesBuildPhase section */
		5075384A2D6E8AB200D5C49E /* Sources */ = {
			isa = PBXSourcesBuildPhase;
			buildActionMask = 2147483647;
			files = (
				5075386E2D6E8BF900D5C49E /* PopupManager.swift in Sources */,
				506C77CD2D6EA22F009E7DC1 /* PopupUIType.swift in Sources */,
				507538702D6E8BF900D5C49E /* PopupViewController.swift in Sources */,
				507538812D6E8C0200D5C49E /* AppDelegate.swift in Sources */,
				507538822D6E8C0200D5C49E /* SceneDelegate.swift in Sources */,
				506C77D72D6EB102009E7DC1 /* PopupActionType.swift in Sources */,
				507538832D6E8C0200D5C49E /* ViewController.swift in Sources */,
				506C77D32D6EAE15009E7DC1 /* SecondViewController.swift in Sources */,
				507538722D6E8BF900D5C49E /* PopupPresentationController.swift in Sources */,
			);
			runOnlyForDeploymentPostprocessing = 0;
		};
/* End PBXSourcesBuildPhase section */

/* Begin PBXVariantGroup section */
		507538772D6E8C0200D5C49E /* LaunchScreen.storyboard */ = {
			isa = PBXVariantGroup;
			children = (
				507538762D6E8C0200D5C49E /* Base */,
			);
			name = LaunchScreen.storyboard;
			sourceTree = "<group>";
		};
		507538792D6E8C0200D5C49E /* Main.storyboard */ = {
			isa = PBXVariantGroup;
			children = (
				507538782D6E8C0200D5C49E /* Base */,
			);
			name = Main.storyboard;
			sourceTree = "<group>";
		};
/* End PBXVariantGroup section */

/* Begin XCBuildConfiguration section */
		507538622D6E8AB300D5C49E /* Debug */ = {
			isa = XCBuildConfiguration;
			buildSettings = {
				ASSETCATALOG_COMPILER_APPICON_NAME = AppIcon;
				ASSETCATALOG_COMPILER_GLOBAL_ACCENT_COLOR_NAME = AccentColor;
				CODE_SIGN_STYLE = Automatic;
				CURRENT_PROJECT_VERSION = 1;
				DEVELOPMENT_TEAM = 8YXF8CY48Y;
				GENERATE_INFOPLIST_FILE = YES;
				INFOPLIST_FILE = UIKitPopup/Info.plist;
				INFOPLIST_KEY_UIApplicationSupportsIndirectInputEvents = YES;
				INFOPLIST_KEY_UILaunchStoryboardName = LaunchScreen;
				INFOPLIST_KEY_UIMainStoryboardFile = Main;
				INFOPLIST_KEY_UISupportedInterfaceOrientations_iPad = "UIInterfaceOrientationPortrait UIInterfaceOrientationPortraitUpsideDown UIInterfaceOrientationLandscapeLeft UIInterfaceOrientationLandscapeRight";
				INFOPLIST_KEY_UISupportedInterfaceOrientations_iPhone = "UIInterfaceOrientationPortrait UIInterfaceOrientationLandscapeLeft UIInterfaceOrientationLandscapeRight";
				INFOPLIST_KEY_UIUserInterfaceStyle = Light;
				IPHONEOS_DEPLOYMENT_TARGET = 14.0;
				LD_RUNPATH_SEARCH_PATHS = (
					"$(inherited)",
					"@executable_path/Frameworks",
				);
				MARKETING_VERSION = 1.0;
				PRODUCT_BUNDLE_IDENTIFIER = mjpark.UIKitPopup;
				PRODUCT_NAME = UIKitPopup;
				SWIFT_EMIT_LOC_STRINGS = YES;
				SWIFT_VERSION = 5.0;
				TARGETED_DEVICE_FAMILY = "1,2";
			};
			name = Debug;
		};
		507538632D6E8AB300D5C49E /* Release */ = {
			isa = XCBuildConfiguration;
			buildSettings = {
				ASSETCATALOG_COMPILER_APPICON_NAME = AppIcon;
				ASSETCATALOG_COMPILER_GLOBAL_ACCENT_COLOR_NAME = AccentColor;
				CODE_SIGN_STYLE = Automatic;
				CURRENT_PROJECT_VERSION = 1;
				DEVELOPMENT_TEAM = 8YXF8CY48Y;
				GENERATE_INFOPLIST_FILE = YES;
				INFOPLIST_FILE = UIKitPopup/Info.plist;
				INFOPLIST_KEY_UIApplicationSupportsIndirectInputEvents = YES;
				INFOPLIST_KEY_UILaunchStoryboardName = LaunchScreen;
				INFOPLIST_KEY_UIMainStoryboardFile = Main;
				INFOPLIST_KEY_UISupportedInterfaceOrientations_iPad = "UIInterfaceOrientationPortrait UIInterfaceOrientationPortraitUpsideDown UIInterfaceOrientationLandscapeLeft UIInterfaceOrientationLandscapeRight";
				INFOPLIST_KEY_UISupportedInterfaceOrientations_iPhone = "UIInterfaceOrientationPortrait UIInterfaceOrientationLandscapeLeft UIInterfaceOrientationLandscapeRight";
				INFOPLIST_KEY_UIUserInterfaceStyle = Light;
				IPHONEOS_DEPLOYMENT_TARGET = 14.0;
				LD_RUNPATH_SEARCH_PATHS = (
					"$(inherited)",
					"@executable_path/Frameworks",
				);
				MARKETING_VERSION = 1.0;
				PRODUCT_BUNDLE_IDENTIFIER = mjpark.UIKitPopup;
				PRODUCT_NAME = UIKitPopup;
				SWIFT_EMIT_LOC_STRINGS = YES;
				SWIFT_VERSION = 5.0;
				TARGETED_DEVICE_FAMILY = "1,2";
			};
			name = Release;
		};
		507538642D6E8AB300D5C49E /* Debug */ = {
			isa = XCBuildConfiguration;
			buildSettings = {
				ALWAYS_SEARCH_USER_PATHS = NO;
				ASSETCATALOG_COMPILER_GENERATE_SWIFT_ASSET_SYMBOL_EXTENSIONS = YES;
				CLANG_ANALYZER_NONNULL = YES;
				CLANG_ANALYZER_NUMBER_OBJECT_CONVERSION = YES_AGGRESSIVE;
				CLANG_CXX_LANGUAGE_STANDARD = "gnu++20";
				CLANG_ENABLE_MODULES = YES;
				CLANG_ENABLE_OBJC_ARC = YES;
				CLANG_ENABLE_OBJC_WEAK = YES;
				CLANG_WARN_BLOCK_CAPTURE_AUTORELEASING = YES;
				CLANG_WARN_BOOL_CONVERSION = YES;
				CLANG_WARN_COMMA = YES;
				CLANG_WARN_CONSTANT_CONVERSION = YES;
				CLANG_WARN_DEPRECATED_OBJC_IMPLEMENTATIONS = YES;
				CLANG_WARN_DIRECT_OBJC_ISA_USAGE = YES_ERROR;
				CLANG_WARN_DOCUMENTATION_COMMENTS = YES;
				CLANG_WARN_EMPTY_BODY = YES;
				CLANG_WARN_ENUM_CONVERSION = YES;
				CLANG_WARN_INFINITE_RECURSION = YES;
				CLANG_WARN_INT_CONVERSION = YES;
				CLANG_WARN_NON_LITERAL_NULL_CONVERSION = YES;
				CLANG_WARN_OBJC_IMPLICIT_RETAIN_SELF = YES;
				CLANG_WARN_OBJC_LITERAL_CONVERSION = YES;
				CLANG_WARN_OBJC_ROOT_CLASS = YES_ERROR;
				CLANG_WARN_QUOTED_INCLUDE_IN_FRAMEWORK_HEADER = YES;
				CLANG_WARN_RANGE_LOOP_ANALYSIS = YES;
				CLANG_WARN_STRICT_PROTOTYPES = YES;
				CLANG_WARN_SUSPICIOUS_MOVE = YES;
				CLANG_WARN_UNGUARDED_AVAILABILITY = YES_AGGRESSIVE;
				CLANG_WARN_UNREACHABLE_CODE = YES;
				CLANG_WARN__DUPLICATE_METHOD_MATCH = YES;
				COPY_PHASE_STRIP = NO;
				DEBUG_INFORMATION_FORMAT = dwarf;
				ENABLE_STRICT_OBJC_MSGSEND = YES;
				ENABLE_TESTABILITY = YES;
				ENABLE_USER_SCRIPT_SANDBOXING = YES;
				GCC_C_LANGUAGE_STANDARD = gnu17;
				GCC_DYNAMIC_NO_PIC = NO;
				GCC_NO_COMMON_BLOCKS = YES;
				GCC_OPTIMIZATION_LEVEL = 0;
				GCC_PREPROCESSOR_DEFINITIONS = (
					"DEBUG=1",
					"$(inherited)",
				);
				GCC_WARN_64_TO_32_BIT_CONVERSION = YES;
				GCC_WARN_ABOUT_RETURN_TYPE = YES_ERROR;
				GCC_WARN_UNDECLARED_SELECTOR = YES;
				GCC_WARN_UNINITIALIZED_AUTOS = YES_AGGRESSIVE;
				GCC_WARN_UNUSED_FUNCTION = YES;
				GCC_WARN_UNUSED_VARIABLE = YES;
				IPHONEOS_DEPLOYMENT_TARGET = 18.2;
				LOCALIZATION_PREFERS_STRING_CATALOGS = YES;
				MTL_ENABLE_DEBUG_INFO = INCLUDE_SOURCE;
				MTL_FAST_MATH = YES;
				ONLY_ACTIVE_ARCH = YES;
				SDKROOT = iphoneos;
				SWIFT_ACTIVE_COMPILATION_CONDITIONS = "DEBUG $(inherited)";
				SWIFT_OPTIMIZATION_LEVEL = "-Onone";
			};
			name = Debug;
		};
		507538652D6E8AB300D5C49E /* Release */ = {
			isa = XCBuildConfiguration;
			buildSettings = {
				ALWAYS_SEARCH_USER_PATHS = NO;
				ASSETCATALOG_COMPILER_GENERATE_SWIFT_ASSET_SYMBOL_EXTENSIONS = YES;
				CLANG_ANALYZER_NONNULL = YES;
				CLANG_ANALYZER_NUMBER_OBJECT_CONVERSION = YES_AGGRESSIVE;
				CLANG_CXX_LANGUAGE_STANDARD = "gnu++20";
				CLANG_ENABLE_MODULES = YES;
				CLANG_ENABLE_OBJC_ARC = YES;
				CLANG_ENABLE_OBJC_WEAK = YES;
				CLANG_WARN_BLOCK_CAPTURE_AUTORELEASING = YES;
				CLANG_WARN_BOOL_CONVERSION = YES;
				CLANG_WARN_COMMA = YES;
				CLANG_WARN_CONSTANT_CONVERSION = YES;
				CLANG_WARN_DEPRECATED_OBJC_IMPLEMENTATIONS = YES;
				CLANG_WARN_DIRECT_OBJC_ISA_USAGE = YES_ERROR;
				CLANG_WARN_DOCUMENTATION_COMMENTS = YES;
				CLANG_WARN_EMPTY_BODY = YES;
				CLANG_WARN_ENUM_CONVERSION = YES;
				CLANG_WARN_INFINITE_RECURSION = YES;
				CLANG_WARN_INT_CONVERSION = YES;
				CLANG_WARN_NON_LITERAL_NULL_CONVERSION = YES;
				CLANG_WARN_OBJC_IMPLICIT_RETAIN_SELF = YES;
				CLANG_WARN_OBJC_LITERAL_CONVERSION = YES;
				CLANG_WARN_OBJC_ROOT_CLASS = YES_ERROR;
				CLANG_WARN_QUOTED_INCLUDE_IN_FRAMEWORK_HEADER = YES;
				CLANG_WARN_RANGE_LOOP_ANALYSIS = YES;
				CLANG_WARN_STRICT_PROTOTYPES = YES;
				CLANG_WARN_SUSPICIOUS_MOVE = YES;
				CLANG_WARN_UNGUARDED_AVAILABILITY = YES_AGGRESSIVE;
				CLANG_WARN_UNREACHABLE_CODE = YES;
				CLANG_WARN__DUPLICATE_METHOD_MATCH = YES;
				COPY_PHASE_STRIP = NO;
				DEBUG_INFORMATION_FORMAT = "dwarf-with-dsym";
				ENABLE_NS_ASSERTIONS = NO;
				ENABLE_STRICT_OBJC_MSGSEND = YES;
				ENABLE_USER_SCRIPT_SANDBOXING = YES;
				GCC_C_LANGUAGE_STANDARD = gnu17;
				GCC_NO_COMMON_BLOCKS = YES;
				GCC_WARN_64_TO_32_BIT_CONVERSION = YES;
				GCC_WARN_ABOUT_RETURN_TYPE = YES_ERROR;
				GCC_WARN_UNDECLARED_SELECTOR = YES;
				GCC_WARN_UNINITIALIZED_AUTOS = YES_AGGRESSIVE;
				GCC_WARN_UNUSED_FUNCTION = YES;
				GCC_WARN_UNUSED_VARIABLE = YES;
				IPHONEOS_DEPLOYMENT_TARGET = 18.2;
				LOCALIZATION_PREFERS_STRING_CATALOGS = YES;
				MTL_ENABLE_DEBUG_INFO = NO;
				MTL_FAST_MATH = YES;
				SDKROOT = iphoneos;
				SWIFT_COMPILATION_MODE = wholemodule;
				VALIDATE_PRODUCT = YES;
			};
			name = Release;
		};
/* End XCBuildConfiguration section */

/* Begin XCConfigurationList section */
		507538492D6E8AB200D5C49E /* Build configuration list for PBXProject "UIKitPopup" */ = {
			isa = XCConfigurationList;
			buildConfigurations = (
				507538642D6E8AB300D5C49E /* Debug */,
				507538652D6E8AB300D5C49E /* Release */,
			);
			defaultConfigurationIsVisible = 0;
			defaultConfigurationName = Release;
		};
		507538612D6E8AB300D5C49E /* Build configuration list for PBXNativeTarget "UIKitPopup" */ = {
			isa = XCConfigurationList;
			buildConfigurations = (
				507538622D6E8AB300D5C49E /* Debug */,
				507538632D6E8AB300D5C49E /* Release */,
			);
			defaultConfigurationIsVisible = 0;
			defaultConfigurationName = Release;
		};
/* End XCConfigurationList section */
	};
	rootObject = 507538462D6E8AB200D5C49E /* Project object */;
}
